
Microsoft Visual Studio Solution File, Format Version 12.00
# Visual Studio Version 16
VisualStudioVersion = 16.0.31702.278
MinimumVisualStudioVersion = 10.0.40219.1
Project("{FAE04EC0-301F-11D3-BF4B-00C04F79EFBC}") = "Lab6_WpfApp", "Lab6_WpfApp\Lab6_WpfApp.csproj", "{A3513742-1E68-4E02-A50F-45D1D2EFB762}"
EndProject
Global
	GlobalSection(SolutionConfigurationPlatforms) = preSolution
		Debug|Any CPU = Debug|Any CPU
		Release|Any CPU = Release|Any CPU
	EndGlobalSection
	GlobalSection(ProjectConfigurationPlatforms) = postSolution
		{A3513742-1E68-4E02-A50F-45D1D2EFB762}.Debug|Any CPU.ActiveCfg = Debug|Any CPU
		{A3513742-1E68-4E02-A50F-45D1D2EFB762}.Debug|Any CPU.Build.0 = Debug|Any CPU
		{A3513742-1E68-4E02-A50F-45D1D2EFB762}.Release|Any CPU.ActiveCfg = Release|Any CPU
		{A3513742-1E68-4E02-A50F-45D1D2EFB762}.Release|Any CPU.Build.0 = Release|Any CPU
	EndGlobalSection
	GlobalSection(SolutionProperties) = preSolution
		HideSolutionNode = FALSE
	EndGlobalSection
	GlobalSection(ExtensibilityGlobals) = postSolution
		SolutionGuid = {F25E9EAF-5082-456E-9128-B4AD986580F6}
	EndGlobalSection
EndGlobal
